{
  "name": "demo_apollo_codegen_bug",
  "version": "0.0.1",
  "lockfileVersion": 1,
  "requires": true,
  "dependencies": {
    "@babel/generator": {
      "version": "7.0.0-beta.38",
      "resolved": "https://artifactory.corp.creditkarma.com:8443/artifactory/api/npm/npmjs/@babel/generator/-/generator-7.0.0-beta.38.tgz",
      "integrity": "sha1-YRWmZmPjrf0daEQCn/sjVGgBgus=",
      "requires": {
        "@babel/types": "7.0.0-beta.38",
        "jsesc": "2.5.1",
        "lodash": "4.17.10",
        "source-map": "0.5.7",
        "trim-right": "1.0.1"
      }
    },
    "@babel/types": {
      "version": "7.0.0-beta.38",
      "resolved": "https://artifactory.corp.creditkarma.com:8443/artifactory/api/npm/npmjs/@babel/types/-/types-7.0.0-beta.38.tgz",
      "integrity": "sha1-LOJEP33GrVNaZ9tJQMvTTmQDWm8=",
      "requires": {
        "esutils": "2.0.2",
        "lodash": "4.17.10",
        "to-fast-properties": "2.0.0"
      }
    },
    "ansi-regex": {
      "version": "3.0.0",
      "resolved": "https://artifactory.corp.creditkarma.com:8443/artifactory/api/npm/npmjs/ansi-regex/-/ansi-regex-3.0.0.tgz",
      "integrity": "sha1-7QMXwyIGT3lGbAKWa922Bas32Zg="
    },
    "apollo-codegen": {
      "version": "0.19.1",
      "resolved": "https://artifactory.corp.creditkarma.com:8443/artifactory/api/npm/npmjs/apollo-codegen/-/apollo-codegen-0.19.1.tgz",
      "integrity": "sha1-MERN4Bn0U8DW7BZwcrjhG1LX+S4=",
      "requires": {
        "@babel/generator": "7.0.0-beta.38",
        "@babel/types": "7.0.0-beta.38",
        "change-case": "3.0.2",
        "common-tags": "1.8.0",
        "core-js": "2.5.7",
        "glob": "7.1.2",
        "graphql": "0.13.2",
        "graphql-config": "1.2.1",
        "inflected": "2.0.4",
        "node-fetch": "1.7.3",
        "rimraf": "2.6.2",
        "source-map-support": "0.5.6",
        "yargs": "10.1.2"
      }
    },
    "argparse": {
      "version": "1.0.10",
      "resolved": "https://artifactory.corp.creditkarma.com:8443/artifactory/api/npm/npmjs/argparse/-/argparse-1.0.10.tgz",
      "integrity": "sha1-vNZ5HqWuCXJeF+WtmIE0zUCz2RE=",
      "requires": {
        "sprintf-js": "1.0.3"
      }
    },
    "balanced-match": {
      "version": "1.0.0",
      "resolved": "https://artifactory.corp.creditkarma.com:8443/artifactory/api/npm/npmjs/balanced-match/-/balanced-match-1.0.0.tgz",
      "integrity": "sha1-ibTRmasr7kneFk6gK4nORi1xt2c="
    },
    "brace-expansion": {
      "version": "1.1.11",
      "resolved": "https://artifactory.corp.creditkarma.com:8443/artifactory/api/npm/npmjs/brace-expansion/-/brace-expansion-1.1.11.tgz",
      "integrity": "sha1-PH/L9SnYcibz0vUrlm/1Jx60Qd0=",
      "requires": {
        "balanced-match": "1.0.0",
        "concat-map": "0.0.1"
      }
    },
    "buffer-from": {
      "version": "1.1.0",
      "resolved": "https://artifactory.corp.creditkarma.com:8443/artifactory/api/npm/npmjs/buffer-from/-/buffer-from-1.1.0.tgz",
      "integrity": "sha1-h/yqOimDWOCt5uRCz86EB0DRrQQ="
    },
    "camel-case": {
      "version": "3.0.0",
      "resolved": "https://artifactory.corp.creditkarma.com:8443/artifactory/api/npm/npmjs/camel-case/-/camel-case-3.0.0.tgz",
      "integrity": "sha1-yjw2iKTpzzpM2nd9xNy8cTJJz3M=",
      "requires": {
        "no-case": "2.3.2",
        "upper-case": "1.1.3"
      }
    },
    "camelcase": {
      "version": "4.1.0",
      "resolved": "https://artifactory.corp.creditkarma.com:8443/artifactory/api/npm/npmjs/camelcase/-/camelcase-4.1.0.tgz",
      "integrity": "sha1-1UVjW+HjPFQmScaRc+Xeas+uNN0="
    },
    "change-case": {
      "version": "3.0.2",
      "resolved": "https://artifactory.corp.creditkarma.com:8443/artifactory/api/npm/npmjs/change-case/-/change-case-3.0.2.tgz",
      "integrity": "sha1-/Uh0bM4C8D8KZyV30dOo3C7OsDc=",
      "requires": {
        "camel-case": "3.0.0",
        "constant-case": "2.0.0",
        "dot-case": "2.1.1",
        "header-case": "1.0.1",
        "is-lower-case": "1.1.3",
        "is-upper-case": "1.1.2",
        "lower-case": "1.1.4",
        "lower-case-first": "1.0.2",
        "no-case": "2.3.2",
        "param-case": "2.1.1",
        "pascal-case": "2.0.1",
        "path-case": "2.1.1",
        "sentence-case": "2.1.1",
        "snake-case": "2.1.0",
        "swap-case": "1.1.2",
        "title-case": "2.1.1",
        "upper-case": "1.1.3",
        "upper-case-first": "1.1.2"
      }
    },
    "cliui": {
      "version": "4.1.0",
      "resolved": "https://artifactory.corp.creditkarma.com:8443/artifactory/api/npm/npmjs/cliui/-/cliui-4.1.0.tgz",
      "integrity": "sha1-NIQi2+gtgAswIu709qwQvy5NG0k=",
      "requires": {
        "string-width": "2.1.1",
        "strip-ansi": "4.0.0",
        "wrap-ansi": "2.1.0"
      }
    },
    "code-point-at": {
      "version": "1.1.0",
      "resolved": "https://artifactory.corp.creditkarma.com:8443/artifactory/api/npm/npmjs/code-point-at/-/code-point-at-1.1.0.tgz",
      "integrity": "sha1-DQcLTQQ6W+ozovGkDi7bPZpMz3c="
    },
    "common-tags": {
      "version": "1.8.0",
      "resolved": "https://artifactory.corp.creditkarma.com:8443/artifactory/api/npm/npmjs/common-tags/-/common-tags-1.8.0.tgz",
      "integrity": "sha1-jjFT5ULUo56bEFVENK+q+YlWqTc="
    },
    "concat-map": {
      "version": "0.0.1",
      "resolved": "https://artifactory.corp.creditkarma.com:8443/artifactory/api/npm/npmjs/concat-map/-/concat-map-0.0.1.tgz",
      "integrity": "sha1-2Klr13/Wjfd5OnMDajug1UBdR3s="
    },
    "constant-case": {
      "version": "2.0.0",
      "resolved": "https://artifactory.corp.creditkarma.com:8443/artifactory/api/npm/npmjs/constant-case/-/constant-case-2.0.0.tgz",
      "integrity": "sha1-QXV2TTidP6nI7NKRhu1gBSQ7akY=",
      "requires": {
        "snake-case": "2.1.0",
        "upper-case": "1.1.3"
      }
    },
    "core-js": {
      "version": "2.5.7",
      "resolved": "https://artifactory.corp.creditkarma.com:8443/artifactory/api/npm/npmjs/core-js/-/core-js-2.5.7.tgz",
      "integrity": "sha1-+XJgj/DOrWi4QaFqky0LGDeRgU4="
    },
    "cross-fetch": {
      "version": "2.0.0",
      "resolved": "https://artifactory.corp.creditkarma.com:8443/artifactory/api/npm/npmjs/cross-fetch/-/cross-fetch-2.0.0.tgz",
      "integrity": "sha1-oXR1RJVh4PMlFGzqY2qGGe+5s4I=",
      "requires": {
        "node-fetch": "2.0.0",
        "whatwg-fetch": "2.0.3"
      },
      "dependencies": {
        "node-fetch": {
          "version": "2.0.0",
          "resolved": "https://artifactory.corp.creditkarma.com:8443/artifactory/api/npm/npmjs/node-fetch/-/node-fetch-2.0.0.tgz",
          "integrity": "sha1-mCu6Q+zU8pIqKcwYamu7C7c/y6Y="
        }
      }
    },
    "cross-spawn": {
      "version": "5.1.0",
      "resolved": "https://artifactory.corp.creditkarma.com:8443/artifactory/api/npm/npmjs/cross-spawn/-/cross-spawn-5.1.0.tgz",
      "integrity": "sha1-6L0O/uWPz/b4+UUQoKVUu/ojVEk=",
      "requires": {
        "lru-cache": "4.1.3",
        "shebang-command": "1.2.0",
        "which": "1.3.1"
      }
    },
    "decamelize": {
      "version": "1.2.0",
      "resolved": "https://artifactory.corp.creditkarma.com:8443/artifactory/api/npm/npmjs/decamelize/-/decamelize-1.2.0.tgz",
      "integrity": "sha1-9lNNFRSCabIDUue+4m9QH5oZEpA="
    },
    "dot-case": {
      "version": "2.1.1",
      "resolved": "https://artifactory.corp.creditkarma.com:8443/artifactory/api/npm/npmjs/dot-case/-/dot-case-2.1.1.tgz",
      "integrity": "sha1-NNzzf1Co6TwrO8qLt/uRVcfaO+4=",
      "requires": {
        "no-case": "2.3.2"
      }
    },
    "encoding": {
      "version": "0.1.12",
      "resolved": "https://artifactory.corp.creditkarma.com:8443/artifactory/api/npm/npmjs/encoding/-/encoding-0.1.12.tgz",
      "integrity": "sha1-U4tm8+5izRq1HsMjgp0flIDHS+s=",
      "requires": {
        "iconv-lite": "0.4.23"
      }
    },
    "esprima": {
      "version": "4.0.0",
      "resolved": "https://artifactory.corp.creditkarma.com:8443/artifactory/api/npm/npmjs/esprima/-/esprima-4.0.0.tgz",
      "integrity": "sha1-RJnt3NERDgshi6zy+n9/WfVcqAQ="
    },
    "esutils": {
      "version": "2.0.2",
      "resolved": "https://artifactory.corp.creditkarma.com:8443/artifactory/api/npm/npmjs/esutils/-/esutils-2.0.2.tgz",
      "integrity": "sha1-Cr9PHKpbyx96nYrMbepPqqBLrJs="
    },
    "execa": {
      "version": "0.7.0",
      "resolved": "https://artifactory.corp.creditkarma.com:8443/artifactory/api/npm/npmjs/execa/-/execa-0.7.0.tgz",
      "integrity": "sha1-lEvs00zEHuMqY6n68nrVpl/Fl3c=",
      "requires": {
        "cross-spawn": "5.1.0",
        "get-stream": "3.0.0",
        "is-stream": "1.1.0",
        "npm-run-path": "2.0.2",
        "p-finally": "1.0.0",
        "signal-exit": "3.0.2",
        "strip-eof": "1.0.0"
      }
    },
    "find-up": {
      "version": "2.1.0",
      "resolved": "https://artifactory.corp.creditkarma.com:8443/artifactory/api/npm/npmjs/find-up/-/find-up-2.1.0.tgz",
      "integrity": "sha1-RdG35QbHF93UgndaK3eSCjwMV6c=",
      "requires": {
        "locate-path": "2.0.0"
      }
    },
    "fs.realpath": {
      "version": "1.0.0",
      "resolved": "https://artifactory.corp.creditkarma.com:8443/artifactory/api/npm/npmjs/fs.realpath/-/fs.realpath-1.0.0.tgz",
      "integrity": "sha1-FQStJSMVjKpA20onh8sBQRmU6k8="
    },
    "get-caller-file": {
      "version": "1.0.2",
      "resolved": "https://artifactory.corp.creditkarma.com:8443/artifactory/api/npm/npmjs/get-caller-file/-/get-caller-file-1.0.2.tgz",
      "integrity": "sha1-9wLmMSfn4jHBYKgMFVSstw1QR+U="
    },
    "get-stream": {
      "version": "3.0.0",
      "resolved": "https://artifactory.corp.creditkarma.com:8443/artifactory/api/npm/npmjs/get-stream/-/get-stream-3.0.0.tgz",
      "integrity": "sha1-jpQ9E1jcN1VQVOy+LtsFqhdO3hQ="
    },
    "glob": {
      "version": "7.1.2",
      "resolved": "https://artifactory.corp.creditkarma.com:8443/artifactory/api/npm/npmjs/glob/-/glob-7.1.2.tgz",
      "integrity": "sha1-wZyd+aAocC1nhhI4SmVSQExjbRU=",
      "requires": {
        "fs.realpath": "1.0.0",
        "inflight": "1.0.6",
        "inherits": "2.0.3",
        "minimatch": "3.0.4",
        "once": "1.4.0",
        "path-is-absolute": "1.0.1"
      }
    },
    "graphql": {
      "version": "0.13.2",
      "resolved": "https://artifactory.corp.creditkarma.com:8443/artifactory/api/npm/npmjs/graphql/-/graphql-0.13.2.tgz",
      "integrity": "sha1-THQK48Iigj5wBAlvgy57k7IQgnA=",
      "requires": {
        "iterall": "1.2.2"
      }
    },
    "graphql-config": {
      "version": "1.2.1",
      "resolved": "https://artifactory.corp.creditkarma.com:8443/artifactory/api/npm/npmjs/graphql-config/-/graphql-config-1.2.1.tgz",
      "integrity": "sha1-l7RANwfbQI/rM1+8FZZR8qNstVg=",
      "requires": {
        "graphql": "0.12.3",
        "graphql-import": "0.4.5",
        "graphql-request": "1.6.0",
        "js-yaml": "3.12.0",
        "lodash": "4.17.10",
        "minimatch": "3.0.4"
      },
      "dependencies": {
        "graphql": {
          "version": "0.12.3",
          "resolved": "https://artifactory.corp.creditkarma.com:8443/artifactory/api/npm/npmjs/graphql/-/graphql-0.12.3.tgz",
          "integrity": "sha1-EWaEWLvigmHA3LbiZfUVunn2zgc=",
          "requires": {
            "iterall": "1.1.3"
          }
        },
        "iterall": {
          "version": "1.1.3",
          "resolved": "https://artifactory.corp.creditkarma.com:8443/artifactory/api/npm/npmjs/iterall/-/iterall-1.1.3.tgz",
          "integrity": "sha1-HLv/liBAVt3mZW4u0uIibQ5tcsk="
        }
      }
    },
    "graphql-import": {
      "version": "0.4.5",
      "resolved": "https://artifactory.corp.creditkarma.com:8443/artifactory/api/npm/npmjs/graphql-import/-/graphql-import-0.4.5.tgz",
      "integrity": "sha1-4vGMKNM1cz9G344HM9jescbipkU=",
      "requires": {
        "lodash": "4.17.10"
      }
    },
    "graphql-request": {
      "version": "1.6.0",
      "resolved": "https://artifactory.corp.creditkarma.com:8443/artifactory/api/npm/npmjs/graphql-request/-/graphql-request-1.6.0.tgz",
      "integrity": "sha1-r+h88qM2rKuwzCqHWQAgLtqJ9BI=",
      "requires": {
        "cross-fetch": "2.0.0"
      }
    },
    "header-case": {
      "version": "1.0.1",
      "resolved": "https://artifactory.corp.creditkarma.com:8443/artifactory/api/npm/npmjs/header-case/-/header-case-1.0.1.tgz",
      "integrity": "sha1-lTWXMZfBRLCWE81l0xfvGZY70C0=",
      "requires": {
        "no-case": "2.3.2",
        "upper-case": "1.1.3"
      }
    },
    "iconv-lite": {
      "version": "0.4.23",
      "resolved": "https://artifactory.corp.creditkarma.com:8443/artifactory/api/npm/npmjs/iconv-lite/-/iconv-lite-0.4.23.tgz",
      "integrity": "sha1-KXhx9jvlB63Pv8pxXQzQ7thOmmM=",
      "requires": {
        "safer-buffer": "2.1.2"
      }
    },
    "inflected": {
      "version": "2.0.4",
      "resolved": "https://artifactory.corp.creditkarma.com:8443/artifactory/api/npm/npmjs/inflected/-/inflected-2.0.4.tgz",
      "integrity": "sha1-MjdwlhzL6ZKpjqkwUS6agtPT73c="
    },
    "inflight": {
      "version": "1.0.6",
      "resolved": "https://artifactory.corp.creditkarma.com:8443/artifactory/api/npm/npmjs/inflight/-/inflight-1.0.6.tgz",
      "integrity": "sha1-Sb1jMdfQLQwJvJEKEHW6gWW1bfk=",
      "requires": {
        "once": "1.4.0",
        "wrappy": "1.0.2"
      }
    },
    "inherits": {
      "version": "2.0.3",
      "resolved": "https://artifactory.corp.creditkarma.com:8443/artifactory/api/npm/npmjs/inherits/-/inherits-2.0.3.tgz",
      "integrity": "sha1-Yzwsg+PaQqUC9SRmAiSA9CCCYd4="
    },
    "invert-kv": {
      "version": "1.0.0",
      "resolved": "https://artifactory.corp.creditkarma.com:8443/artifactory/api/npm/npmjs/invert-kv/-/invert-kv-1.0.0.tgz",
      "integrity": "sha1-EEqOSqym09jNFXqO+L+rLXo//bY="
    },
    "is-fullwidth-code-point": {
      "version": "2.0.0",
      "resolved": "https://artifactory.corp.creditkarma.com:8443/artifactory/api/npm/npmjs/is-fullwidth-code-point/-/is-fullwidth-code-point-2.0.0.tgz",
      "integrity": "sha1-o7MKXE8ZkYMWeqq5O+764937ZU8="
    },
    "is-lower-case": {
      "version": "1.1.3",
      "resolved": "https://artifactory.corp.creditkarma.com:8443/artifactory/api/npm/npmjs/is-lower-case/-/is-lower-case-1.1.3.tgz",
      "integrity": "sha1-fhR75HaNxGbbO/shzGCzHmrWk5M=",
      "requires": {
        "lower-case": "1.1.4"
      }
    },
    "is-stream": {
      "version": "1.1.0",
      "resolved": "https://artifactory.corp.creditkarma.com:8443/artifactory/api/npm/npmjs/is-stream/-/is-stream-1.1.0.tgz",
      "integrity": "sha1-EtSj3U5o4Lec6428hBc66A2RykQ="
    },
    "is-upper-case": {
      "version": "1.1.2",
      "resolved": "https://artifactory.corp.creditkarma.com:8443/artifactory/api/npm/npmjs/is-upper-case/-/is-upper-case-1.1.2.tgz",
      "integrity": "sha1-jQsfp+eTOh5YSDYA7H2WYcuvdW8=",
      "requires": {
        "upper-case": "1.1.3"
      }
    },
    "isexe": {
      "version": "2.0.0",
      "resolved": "https://artifactory.corp.creditkarma.com:8443/artifactory/api/npm/npmjs/isexe/-/isexe-2.0.0.tgz",
      "integrity": "sha1-6PvzdNxVb/iUehDcsFctYz8s+hA="
    },
    "iterall": {
      "version": "1.2.2",
      "resolved": "https://artifactory.corp.creditkarma.com:8443/artifactory/api/npm/npmjs/iterall/-/iterall-1.2.2.tgz",
      "integrity": "sha1-ktcN64Ao4MOf8xZP2/TYsIgTDNc="
    },
    "js-yaml": {
      "version": "3.12.0",
      "resolved": "https://artifactory.corp.creditkarma.com:8443/artifactory/api/npm/npmjs/js-yaml/-/js-yaml-3.12.0.tgz",
      "integrity": "sha1-6u1lbsg0TxD1J8a/obbiJE3hZ9E=",
      "requires": {
        "argparse": "1.0.10",
        "esprima": "4.0.0"
      }
    },
    "jsesc": {
      "version": "2.5.1",
      "resolved": "https://artifactory.corp.creditkarma.com:8443/artifactory/api/npm/npmjs/jsesc/-/jsesc-2.5.1.tgz",
      "integrity": "sha1-5CGiqOINawgZ3yiQj3glJrlt0f4="
    },
    "lcid": {
      "version": "1.0.0",
      "resolved": "https://artifactory.corp.creditkarma.com:8443/artifactory/api/npm/npmjs/lcid/-/lcid-1.0.0.tgz",
      "integrity": "sha1-MIrMr6C8SDo4Z7S28rlQYlHRuDU=",
      "requires": {
        "invert-kv": "1.0.0"
      }
    },
    "locate-path": {
      "version": "2.0.0",
      "resolved": "https://artifactory.corp.creditkarma.com:8443/artifactory/api/npm/npmjs/locate-path/-/locate-path-2.0.0.tgz",
      "integrity": "sha1-K1aLJl7slExtnA3pw9u7ygNUzY4=",
      "requires": {
        "p-locate": "2.0.0",
        "path-exists": "3.0.0"
      }
    },
    "lodash": {
      "version": "4.17.10",
      "resolved": "https://artifactory.corp.creditkarma.com:8443/artifactory/api/npm/npmjs/lodash/-/lodash-4.17.10.tgz",
      "integrity": "sha1-G3eTz3JZ6jj7NmHU04syYK+K5Oc="
    },
    "lower-case": {
      "version": "1.1.4",
      "resolved": "https://artifactory.corp.creditkarma.com:8443/artifactory/api/npm/npmjs/lower-case/-/lower-case-1.1.4.tgz",
      "integrity": "sha1-miyr0bno4K6ZOkv31YdcOcQujqw="
    },
    "lower-case-first": {
      "version": "1.0.2",
      "resolved": "https://artifactory.corp.creditkarma.com:8443/artifactory/api/npm/npmjs/lower-case-first/-/lower-case-first-1.0.2.tgz",
      "integrity": "sha1-5dp8JvKacHO+AtUrrJmA5ZIq36E=",
      "requires": {
        "lower-case": "1.1.4"
      }
    },
    "lru-cache": {
      "version": "4.1.3",
      "resolved": "https://artifactory.corp.creditkarma.com:8443/artifactory/api/npm/npmjs/lru-cache/-/lru-cache-4.1.3.tgz",
      "integrity": "sha1-oRdc80lt/IQ2wVbDNLSVWZK85pw=",
      "requires": {
        "pseudomap": "1.0.2",
        "yallist": "2.1.2"
      }
    },
    "mem": {
      "version": "1.1.0",
      "resolved": "https://artifactory.corp.creditkarma.com:8443/artifactory/api/npm/npmjs/mem/-/mem-1.1.0.tgz",
      "integrity": "sha1-Xt1StIXKHZAP5kiVUFOZoN+kX3Y=",
      "requires": {
        "mimic-fn": "1.2.0"
      }
    },
    "mimic-fn": {
      "version": "1.2.0",
      "resolved": "https://artifactory.corp.creditkarma.com:8443/artifactory/api/npm/npmjs/mimic-fn/-/mimic-fn-1.2.0.tgz",
      "integrity": "sha1-ggyGo5M0ZA6ZUWkovQP8qIBX0CI="
    },
    "minimatch": {
      "version": "3.0.4",
      "resolved": "https://artifactory.corp.creditkarma.com:8443/artifactory/api/npm/npmjs/minimatch/-/minimatch-3.0.4.tgz",
      "integrity": "sha1-UWbihkV/AzBgZL5Ul+jbsMPTIIM=",
      "requires": {
        "brace-expansion": "1.1.11"
      }
    },
    "no-case": {
      "version": "2.3.2",
      "resolved": "https://artifactory.corp.creditkarma.com:8443/artifactory/api/npm/npmjs/no-case/-/no-case-2.3.2.tgz",
      "integrity": "sha1-YLgTOWvjmz8SiKTB7V0efSi0ZKw=",
      "requires": {
        "lower-case": "1.1.4"
      }
    },
    "node-fetch": {
      "version": "1.7.3",
      "resolved": "https://artifactory.corp.creditkarma.com:8443/artifactory/api/npm/npmjs/node-fetch/-/node-fetch-1.7.3.tgz",
      "integrity": "sha1-mA9vcthSEaU0fGsrwYxbhMPrR+8=",
      "requires": {
        "encoding": "0.1.12",
        "is-stream": "1.1.0"
      }
    },
    "npm-run-path": {
      "version": "2.0.2",
      "resolved": "https://artifactory.corp.creditkarma.com:8443/artifactory/api/npm/npmjs/npm-run-path/-/npm-run-path-2.0.2.tgz",
      "integrity": "sha1-NakjLfo11wZ7TLLd8jV7GHFTbF8=",
      "requires": {
        "path-key": "2.0.1"
      }
    },
    "number-is-nan": {
      "version": "1.0.1",
      "resolved": "https://artifactory.corp.creditkarma.com:8443/artifactory/api/npm/npmjs/number-is-nan/-/number-is-nan-1.0.1.tgz",
      "integrity": "sha1-CXtgK1NCKlIsGvuHkDGDNpQaAR0="
    },
    "once": {
      "version": "1.4.0",
      "resolved": "https://artifactory.corp.creditkarma.com:8443/artifactory/api/npm/npmjs/once/-/once-1.4.0.tgz",
      "integrity": "sha1-WDsap3WWHUsROsF9nFC6753Xa9E=",
      "requires": {
        "wrappy": "1.0.2"
      }
    },
    "os-locale": {
      "version": "2.1.0",
      "resolved": "https://artifactory.corp.creditkarma.com:8443/artifactory/api/npm/npmjs/os-locale/-/os-locale-2.1.0.tgz",
      "integrity": "sha1-QrwpAKa1uL0XN2yOiCtlr8zyS/I=",
      "requires": {
        "execa": "0.7.0",
        "lcid": "1.0.0",
        "mem": "1.1.0"
      }
    },
    "p-finally": {
      "version": "1.0.0",
      "resolved": "https://artifactory.corp.creditkarma.com:8443/artifactory/api/npm/npmjs/p-finally/-/p-finally-1.0.0.tgz",
      "integrity": "sha1-P7z7FbiZpEEjs0ttzBi3JDNqLK4="
    },
    "p-limit": {
      "version": "1.3.0",
      "resolved": "https://artifactory.corp.creditkarma.com:8443/artifactory/api/npm/npmjs/p-limit/-/p-limit-1.3.0.tgz",
      "integrity": "sha1-uGvV8MJWkJEcdZD8v8IBDVSzzLg=",
      "requires": {
        "p-try": "1.0.0"
      }
    },
    "p-locate": {
      "version": "2.0.0",
      "resolved": "https://artifactory.corp.creditkarma.com:8443/artifactory/api/npm/npmjs/p-locate/-/p-locate-2.0.0.tgz",
      "integrity": "sha1-IKAQOyIqcMj9OcwuWAaA893l7EM=",
      "requires": {
        "p-limit": "1.3.0"
      }
    },
    "p-try": {
      "version": "1.0.0",
      "resolved": "https://artifactory.corp.creditkarma.com:8443/artifactory/api/npm/npmjs/p-try/-/p-try-1.0.0.tgz",
      "integrity": "sha1-y8ec26+P1CKOE/Yh8rGiN8GyB7M="
    },
    "param-case": {
      "version": "2.1.1",
      "resolved": "https://artifactory.corp.creditkarma.com:8443/artifactory/api/npm/npmjs/param-case/-/param-case-2.1.1.tgz",
      "integrity": "sha1-35T9jPZTHs915r75oIWPvHK+Ikc=",
      "requires": {
        "no-case": "2.3.2"
      }
    },
    "pascal-case": {
      "version": "2.0.1",
      "resolved": "https://artifactory.corp.creditkarma.com:8443/artifactory/api/npm/npmjs/pascal-case/-/pascal-case-2.0.1.tgz",
      "integrity": "sha1-LVeNNFX2YNpl7KGO+VtODekSdh4=",
      "requires": {
        "camel-case": "3.0.0",
        "upper-case-first": "1.1.2"
      }
    },
    "path-case": {
      "version": "2.1.1",
      "resolved": "https://artifactory.corp.creditkarma.com:8443/artifactory/api/npm/npmjs/path-case/-/path-case-2.1.1.tgz",
      "integrity": "sha1-lLgDfDctP+KQbkZbtF4l0ibo7qU=",
      "requires": {
        "no-case": "2.3.2"
      }
    },
    "path-exists": {
      "version": "3.0.0",
      "resolved": "https://artifactory.corp.creditkarma.com:8443/artifactory/api/npm/npmjs/path-exists/-/path-exists-3.0.0.tgz",
      "integrity": "sha1-zg6+ql94yxiSXqfYENe1mwEP1RU="
    },
    "path-is-absolute": {
      "version": "1.0.1",
      "resolved": "https://artifactory.corp.creditkarma.com:8443/artifactory/api/npm/npmjs/path-is-absolute/-/path-is-absolute-1.0.1.tgz",
      "integrity": "sha1-F0uSaHNVNP+8es5r9TpanhtcX18="
    },
    "path-key": {
      "version": "2.0.1",
      "resolved": "https://artifactory.corp.creditkarma.com:8443/artifactory/api/npm/npmjs/path-key/-/path-key-2.0.1.tgz",
      "integrity": "sha1-QRyttXTFoUDTpLGRDUDYDMn0C0A="
    },
    "pseudomap": {
      "version": "1.0.2",
      "resolved": "https://artifactory.corp.creditkarma.com:8443/artifactory/api/npm/npmjs/pseudomap/-/pseudomap-1.0.2.tgz",
      "integrity": "sha1-8FKijacOYYkX7wqKw0wa5aaChrM="
    },
    "require-directory": {
      "version": "2.1.1",
      "resolved": "https://artifactory.corp.creditkarma.com:8443/artifactory/api/npm/npmjs/require-directory/-/require-directory-2.1.1.tgz",
      "integrity": "sha1-jGStX9MNqxyXbiNE/+f3kqam30I="
    },
    "require-main-filename": {
      "version": "1.0.1",
      "resolved": "https://artifactory.corp.creditkarma.com:8443/artifactory/api/npm/npmjs/require-main-filename/-/require-main-filename-1.0.1.tgz",
      "integrity": "sha1-l/cXtp1IeE9fUmpsWqj/3aBVpNE="
    },
    "rimraf": {
      "version": "2.6.2",
      "resolved": "https://artifactory.corp.creditkarma.com:8443/artifactory/api/npm/npmjs/rimraf/-/rimraf-2.6.2.tgz",
      "integrity": "sha1-LtgVDSShbqhlHm1u8PR8QVjOejY=",
      "requires": {
        "glob": "7.1.2"
      }
    },
    "safer-buffer": {
      "version": "2.1.2",
      "resolved": "https://artifactory.corp.creditkarma.com:8443/artifactory/api/npm/npmjs/safer-buffer/-/safer-buffer-2.1.2.tgz",
      "integrity": "sha1-RPoWGwGHuVSd2Eu5GAL5vYOFzWo="
    },
    "sentence-case": {
      "version": "2.1.1",
      "resolved": "https://artifactory.corp.creditkarma.com:8443/artifactory/api/npm/npmjs/sentence-case/-/sentence-case-2.1.1.tgz",
      "integrity": "sha1-H24t2jnBaL+S0T+G1KkYkz9mftQ=",
      "requires": {
        "no-case": "2.3.2",
        "upper-case-first": "1.1.2"
      }
    },
    "set-blocking": {
      "version": "2.0.0",
      "resolved": "https://artifactory.corp.creditkarma.com:8443/artifactory/api/npm/npmjs/set-blocking/-/set-blocking-2.0.0.tgz",
      "integrity": "sha1-BF+XgtARrppoA93TgrJDkrPYkPc="
    },
    "shebang-command": {
      "version": "1.2.0",
      "resolved": "https://artifactory.corp.creditkarma.com:8443/artifactory/api/npm/npmjs/shebang-command/-/shebang-command-1.2.0.tgz",
      "integrity": "sha1-RKrGW2lbAzmJaMOfNj/uXer98eo=",
      "requires": {
        "shebang-regex": "1.0.0"
      }
    },
    "shebang-regex": {
      "version": "1.0.0",
      "resolved": "https://artifactory.corp.creditkarma.com:8443/artifactory/api/npm/npmjs/shebang-regex/-/shebang-regex-1.0.0.tgz",
      "integrity": "sha1-2kL0l0DAtC2yypcoVxyxkMmO/qM="
    },
    "signal-exit": {
      "version": "3.0.2",
      "resolved": "https://artifactory.corp.creditkarma.com:8443/artifactory/api/npm/npmjs/signal-exit/-/signal-exit-3.0.2.tgz",
      "integrity": "sha1-tf3AjxKH6hF4Yo5BXiUTK3NkbG0="
    },
    "snake-case": {
      "version": "2.1.0",
      "resolved": "https://artifactory.corp.creditkarma.com:8443/artifactory/api/npm/npmjs/snake-case/-/snake-case-2.1.0.tgz",
      "integrity": "sha1-Qb2xtz8w7GagTU4srRt2OH1NbZ8=",
      "requires": {
        "no-case": "2.3.2"
      }
    },
    "source-map": {
      "version": "0.5.7",
      "resolved": "https://artifactory.corp.creditkarma.com:8443/artifactory/api/npm/npmjs/source-map/-/source-map-0.5.7.tgz",
      "integrity": "sha1-igOdLRAh0i0eoUyA2OpGi6LvP8w="
    },
    "source-map-support": {
      "version": "0.5.6",
      "resolved": "https://artifactory.corp.creditkarma.com:8443/artifactory/api/npm/npmjs/source-map-support/-/source-map-support-0.5.6.tgz",
      "integrity": "sha1-RDXO5Gsaq2K46GEM5g94gJHFHBM=",
      "requires": {
        "buffer-from": "1.1.0",
        "source-map": "0.6.1"
      },
      "dependencies": {
        "source-map": {
          "version": "0.6.1",
          "resolved": "https://artifactory.corp.creditkarma.com:8443/artifactory/api/npm/npmjs/source-map/-/source-map-0.6.1.tgz",
          "integrity": "sha1-dHIq8y6WFOnCh6jQu95IteLxomM="
        }
      }
    },
    "sprintf-js": {
      "version": "1.0.3",
      "resolved": "https://artifactory.corp.creditkarma.com:8443/artifactory/api/npm/npmjs/sprintf-js/-/sprintf-js-1.0.3.tgz",
      "integrity": "sha1-BOaSb2YolTVPPdAVIDYzuFcpfiw="
    },
    "string-width": {
      "version": "2.1.1",
      "resolved": "https://artifactory.corp.creditkarma.com:8443/artifactory/api/npm/npmjs/string-width/-/string-width-2.1.1.tgz",
      "integrity": "sha1-q5Pyeo3BPSjKyBXEYhQ6bZASrp4=",
      "requires": {
        "is-fullwidth-code-point": "2.0.0",
        "strip-ansi": "4.0.0"
      }
    },
    "strip-ansi": {
      "version": "4.0.0",
      "resolved": "https://artifactory.corp.creditkarma.com:8443/artifactory/api/npm/npmjs/strip-ansi/-/strip-ansi-4.0.0.tgz",
      "integrity": "sha1-qEeQIusaw2iocTibY1JixQXuNo8=",
      "requires": {
        "ansi-regex": "3.0.0"
      }
    },
    "strip-eof": {
      "version": "1.0.0",
      "resolved": "https://artifactory.corp.creditkarma.com:8443/artifactory/api/npm/npmjs/strip-eof/-/strip-eof-1.0.0.tgz",
      "integrity": "sha1-u0P/VZim6wXYm1n80SnJgzE2Br8="
    },
    "swap-case": {
      "version": "1.1.2",
      "resolved": "https://artifactory.corp.creditkarma.com:8443/artifactory/api/npm/npmjs/swap-case/-/swap-case-1.1.2.tgz",
      "integrity": "sha1-w5IDpFhzhfrTyFCgvRvK+ggZdOM=",
      "requires": {
        "lower-case": "1.1.4",
        "upper-case": "1.1.3"
      }
    },
    "title-case": {
      "version": "2.1.1",
      "resolved": "https://artifactory.corp.creditkarma.com:8443/artifactory/api/npm/npmjs/title-case/-/title-case-2.1.1.tgz",
      "integrity": "sha1-PhJyFtpY0rxb7PE3q5Ha46fNj6o=",
      "requires": {
        "no-case": "2.3.2",
        "upper-case": "1.1.3"
      }
    },
    "to-fast-properties": {
      "version": "2.0.0",
      "resolved": "https://artifactory.corp.creditkarma.com:8443/artifactory/api/npm/npmjs/to-fast-properties/-/to-fast-properties-2.0.0.tgz",
      "integrity": "sha1-3F5pjL0HkmW8c+A3doGk5Og/YW4="
    },
    "trim-right": {
      "version": "1.0.1",
      "resolved": "https://artifactory.corp.creditkarma.com:8443/artifactory/api/npm/npmjs/trim-right/-/trim-right-1.0.1.tgz",
      "integrity": "sha1-yy4SAwZ+DI3h9hQJS5/kVwTqYAM="
    },
    "upper-case": {
      "version": "1.1.3",
      "resolved": "https://artifactory.corp.creditkarma.com:8443/artifactory/api/npm/npmjs/upper-case/-/upper-case-1.1.3.tgz",
      "integrity": "sha1-9rRQHC7EzdJrp4vnIilh3ndiFZg="
    },
    "upper-case-first": {
      "version": "1.1.2",
      "resolved": "https://artifactory.corp.creditkarma.com:8443/artifactory/api/npm/npmjs/upper-case-first/-/upper-case-first-1.1.2.tgz",
      "integrity": "sha1-XXm+3P8UQZUY/S7bCgUHybaFkRU=",
      "requires": {
        "upper-case": "1.1.3"
      }
    },
    "whatwg-fetch": {
      "version": "2.0.3",
      "resolved": "https://artifactory.corp.creditkarma.com:8443/artifactory/api/npm/npmjs/whatwg-fetch/-/whatwg-fetch-2.0.3.tgz",
      "integrity": "sha1-nITsLc9oGH/wC8ZOEnS0QhduHIQ="
    },
    "which": {
      "version": "1.3.1",
      "resolved": "https://artifactory.corp.creditkarma.com:8443/artifactory/api/npm/npmjs/which/-/which-1.3.1.tgz",
      "integrity": "sha1-pFBD1U9YBTFtqNYvn1CRjT2nCwo=",
      "requires": {
        "isexe": "2.0.0"
      }
    },
    "which-module": {
      "version": "2.0.0",
      "resolved": "https://artifactory.corp.creditkarma.com:8443/artifactory/api/npm/npmjs/which-module/-/which-module-2.0.0.tgz",
      "integrity": "sha1-2e8H3Od7mQK4o6j6SzHD4/fm6Ho="
    },
    "wrap-ansi": {
      "version": "2.1.0",
      "resolved": "https://artifactory.corp.creditkarma.com:8443/artifactory/api/npm/npmjs/wrap-ansi/-/wrap-ansi-2.1.0.tgz",
      "integrity": "sha1-2Pw9KE3QV5T+hJc8rs3Rz4JP3YU=",
      "requires": {
        "string-width": "1.0.2",
        "strip-ansi": "3.0.1"
      },
      "dependencies": {
        "ansi-regex": {
          "version": "2.1.1",
          "resolved": "https://artifactory.corp.creditkarma.com:8443/artifactory/api/npm/npmjs/ansi-regex/-/ansi-regex-2.1.1.tgz",
          "integrity": "sha1-w7M6te42DYbg5ijwRorn7yfWVN8="
        },
        "is-fullwidth-code-point": {
          "version": "1.0.0",
          "resolved": "https://artifactory.corp.creditkarma.com:8443/artifactory/api/npm/npmjs/is-fullwidth-code-point/-/is-fullwidth-code-point-1.0.0.tgz",
          "integrity": "sha1-754xOG8DGn8NZDr4L95QxFfvAMs=",
          "requires": {
            "number-is-nan": "1.0.1"
          }
        },
        "string-width": {
          "version": "1.0.2",
          "resolved": "https://artifactory.corp.creditkarma.com:8443/artifactory/api/npm/npmjs/string-width/-/string-width-1.0.2.tgz",
          "integrity": "sha1-EYvfW4zcUaKn5w0hHgfisLmxB9M=",
          "requires": {
            "code-point-at": "1.1.0",
            "is-fullwidth-code-point": "1.0.0",
            "strip-ansi": "3.0.1"
          }
        },
        "strip-ansi": {
          "version": "3.0.1",
          "resolved": "https://artifactory.corp.creditkarma.com:8443/artifactory/api/npm/npmjs/strip-ansi/-/strip-ansi-3.0.1.tgz",
          "integrity": "sha1-ajhfuIU9lS1f8F0Oiq+UJ43GPc8=",
          "requires": {
            "ansi-regex": "2.1.1"
          }
        }
      }
    },
    "wrappy": {
      "version": "1.0.2",
      "resolved": "https://artifactory.corp.creditkarma.com:8443/artifactory/api/npm/npmjs/wrappy/-/wrappy-1.0.2.tgz",
      "integrity": "sha1-tSQ9jz7BqjXxNkYFvA0QNuMKtp8="
    },
    "y18n": {
      "version": "3.2.1",
      "resolved": "https://artifactory.corp.creditkarma.com:8443/artifactory/api/npm/npmjs/y18n/-/y18n-3.2.1.tgz",
      "integrity": "sha1-bRX7qITAhnnA136I53WegR4H+kE="
    },
    "yallist": {
      "version": "2.1.2",
      "resolved": "https://artifactory.corp.creditkarma.com:8443/artifactory/api/npm/npmjs/yallist/-/yallist-2.1.2.tgz",
      "integrity": "sha1-HBH5IY8HYImkfdUS+TxmmaaoHVI="
    },
    "yargs": {
      "version": "10.1.2",
      "resolved": "https://artifactory.corp.creditkarma.com:8443/artifactory/api/npm/npmjs/yargs/-/yargs-10.1.2.tgz",
      "integrity": "sha1-RU0HTCsWpRpD4vt4B+T53mnMtcU=",
      "requires": {
        "cliui": "4.1.0",
        "decamelize": "1.2.0",
        "find-up": "2.1.0",
        "get-caller-file": "1.0.2",
        "os-locale": "2.1.0",
        "require-directory": "2.1.1",
        "require-main-filename": "1.0.1",
        "set-blocking": "2.0.0",
        "string-width": "2.1.1",
        "which-module": "2.0.0",
        "y18n": "3.2.1",
        "yargs-parser": "8.1.0"
      }
    },
    "yargs-parser": {
      "version": "8.1.0",
      "resolved": "https://artifactory.corp.creditkarma.com:8443/artifactory/api/npm/npmjs/yargs-parser/-/yargs-parser-8.1.0.tgz",
      "integrity": "sha1-8TdqM7Ziml0GN4KUTacyYx6WaVA=",
      "requires": {
        "camelcase": "4.1.0"
      }
    }
  }
}
